
Microsoft Visual Studio Solution File, Format Version 12.00
# Visual Studio Version 17
VisualStudioVersion = 17.8.34322.80
MinimumVisualStudioVersion = 10.0.40219.1
Project("{FAE04EC0-301F-11D3-BF4B-00C04F79EFBC}") = "ARM_Clinic_API", "ARM_Clinic_API\ARM_Clinic_API.csproj", "{EB3A7F52-8D25-CB13-EFEE-610AC5AED544}"
EndProject
Global
	GlobalSection(SolutionConfigurationPlatforms) = preSolution
		Debug|Any CPU = Debug|Any CPU
		Release|Any CPU = Release|Any CPU
	EndGlobalSection
	GlobalSection(ProjectConfigurationPlatforms) = postSolution
		{EB3A7F52-8D25-CB13-EFEE-610AC5AED544}.Debug|Any CPU.ActiveCfg = Debug|Any CPU
		{EB3A7F52-8D25-CB13-EFEE-610AC5AED544}.Debug|Any CPU.Build.0 = Debug|Any CPU
		{EB3A7F52-8D25-CB13-EFEE-610AC5AED544}.Release|Any CPU.ActiveCfg = Release|Any CPU
		{EB3A7F52-8D25-CB13-EFEE-610AC5AED544}.Release|Any CPU.Build.0 = Release|Any CPU
	EndGlobalSection
	GlobalSection(SolutionProperties) = preSolution
		HideSolutionNode = FALSE
	EndGlobalSection
	GlobalSection(ExtensibilityGlobals) = postSolution
		SolutionGuid = {62624C49-5934-426F-8510-B78C675CAFF0}
	EndGlobalSection
EndGlobal
